
Microsoft Visual Studio Solution File, Format Version 12.00
# Visual Studio Version 16
VisualStudioVersion = 16.0.29009.5
MinimumVisualStudioVersion = 10.0.40219.1
Project("{FAE04EC0-301F-11D3-BF4B-00C04F79EFBC}") = "HaozhuoCrm.PcClient", "HaoZhuoCRM\HaozhuoCrm.PcClient.csproj", "{580E3CFC-BF1C-4D3C-8FA6-ECD5CCDD6A72}"
EndProject
Project("{FAE04EC0-301F-11D3-BF4B-00C04F79EFBC}") = "Haozhuo.Crm.Service", "Haozhuo.Crm.Service\Haozhuo.Crm.Service.csproj", "{79FDBB56-9952-43FA-B9C9-56B9A109CEDC}"
EndProject
Global
	GlobalSection(SolutionConfigurationPlatforms) = preSolution
		Debug|Any CPU = Debug|Any CPU
		Release|Any CPU = Release|Any CPU
	EndGlobalSection
	GlobalSection(ProjectConfigurationPlatforms) = postSolution
		{580E3CFC-BF1C-4D3C-8FA6-ECD5CCDD6A72}.Debug|Any CPU.ActiveCfg = Debug|Any CPU
		{580E3CFC-BF1C-4D3C-8FA6-ECD5CCDD6A72}.Debug|Any CPU.Build.0 = Debug|Any CPU
		{580E3CFC-BF1C-4D3C-8FA6-ECD5CCDD6A72}.Release|Any CPU.ActiveCfg = Release|Any CPU
		{580E3CFC-BF1C-4D3C-8FA6-ECD5CCDD6A72}.Release|Any CPU.Build.0 = Release|Any CPU
		{79FDBB56-9952-43FA-B9C9-56B9A109CEDC}.Debug|Any CPU.ActiveCfg = Debug|Any CPU
		{79FDBB56-9952-43FA-B9C9-56B9A109CEDC}.Debug|Any CPU.Build.0 = Debug|Any CPU
		{79FDBB56-9952-43FA-B9C9-56B9A109CEDC}.Release|Any CPU.ActiveCfg = Release|Any CPU
		{79FDBB56-9952-43FA-B9C9-56B9A109CEDC}.Release|Any CPU.Build.0 = Release|Any CPU
	EndGlobalSection
	GlobalSection(SolutionProperties) = preSolution
		HideSolutionNode = FALSE
	EndGlobalSection
	GlobalSection(ExtensibilityGlobals) = postSolution
		SolutionGuid = {805FF329-A1FD-4F99-BE70-D1A9C920D287}
	EndGlobalSection
EndGlobal
